
Microsoft Visual Studio Solution File, Format Version 12.00
Project("{FAE04EC0-301F-11D3-BF4B-00C04F79EFBC}") = "s28492-apbd20-cwiczenia4.1", "s28492-apbd20-cwiczenia4.1\s28492-apbd20-cwiczenia4.1.csproj", "{ACEA8897-B9B6-4471-8D10-1506F94A450D}"
EndProject
Global
	GlobalSection(SolutionConfigurationPlatforms) = preSolution
		Debug|Any CPU = Debug|Any CPU
		Release|Any CPU = Release|Any CPU
	EndGlobalSection
	GlobalSection(ProjectConfigurationPlatforms) = postSolution
		{ACEA8897-B9B6-4471-8D10-1506F94A450D}.Debug|Any CPU.ActiveCfg = Debug|Any CPU
		{ACEA8897-B9B6-4471-8D10-1506F94A450D}.Debug|Any CPU.Build.0 = Debug|Any CPU
		{ACEA8897-B9B6-4471-8D10-1506F94A450D}.Release|Any CPU.ActiveCfg = Release|Any CPU
		{ACEA8897-B9B6-4471-8D10-1506F94A450D}.Release|Any CPU.Build.0 = Release|Any CPU
	EndGlobalSection
EndGlobal
